<?xml version="1.0" encoding="UTF-8" standalone="yes" ?>
<CodeBlocks_project_file>
	<FileVersion major="1" minor="6" />
	<Project>
		<Option title="sceleton" />
		<Option pch_mode="2" />
		<Option compiler="gcc" />
		<Build>
			<Target title="Debug">
				<Option output="bin/Debug/sceleton" prefix_auto="1" extension_auto="1" />
				<Option object_output="obj/Debug/" />
				<Option type="1" />
				<Option compiler="gcc" />
				<Compiler>
					<Add option="-g" />
					<Add option="-DMEMTRACE" />
					<Add directory="../sceleton" />
					<Add directory="include" />
				</Compiler>
			</Target>
			<Target title="Release">
				<Option output="bin/Release/sceleton" prefix_auto="1" extension_auto="1" />
				<Option object_output="obj/Release/" />
				<Option type="1" />
				<Option compiler="gcc" />
				<Compiler>
					<Add option="-O2" />
					<Add directory="../sceleton" />
					<Add directory="include" />
				</Compiler>
				<Linker>
					<Add option="-s" />
				</Linker>
			</Target>
		</Build>
		<Compiler>
			<Add option="-Wall" />
			<Add option="-fexceptions" />
		</Compiler>
		<Unit filename="Base.cpp" />
		<Unit filename="Base.h" />
		<Unit filename="Choice.cpp" />
		<Unit filename="Choice.h" />
		<Unit filename="Database.cpp" />
		<Unit filename="Database.h" />
		<Unit filename="Ingredient.cpp" />
		<Unit filename="Ingredient.h" />
		<Unit filename="Item.h" />
		<Unit filename="Recipe.cpp" />
		<Unit filename="Recipe.h" />
		<Unit filename="linked_list.h" />
		<Unit filename="main.cpp" />
		<Unit filename="memtrace.cpp" />
		<Unit filename="memtrace.h" />
		<Extensions>
			<code_completion />
			<envvars />
			<debugger />
		</Extensions>
	</Project>
</CodeBlocks_project_file>
